# THIS IS AN AUTOGENERATED FILE. DO NOT EDIT THIS FILE DIRECTLY.
# yarn lockfile v1


"@orbit/core@^0.15.7":
  version "0.15.7"
  resolved "https://registry.yarnpkg.com/@orbit/core/-/core-0.15.7.tgz#c577f52832b3e463c7497d9fbe569263d7a5112a"
  dependencies:
    "@orbit/utils" "^0.15.7"

"@orbit/data@^0.15.8":
  version "0.15.8"
  resolved "https://registry.yarnpkg.com/@orbit/data/-/data-0.15.8.tgz#e63f247ddf1dca5759bc69f009e284a620ad55e0"
  dependencies:
    "@orbit/core" "^0.15.7"
    "@orbit/utils" "^0.15.7"

"@orbit/immutable@^0.15.0":
  version "0.15.0"
  resolved "https://registry.yarnpkg.com/@orbit/immutable/-/immutable-0.15.0.tgz#c4009dd41a8fb2b560e9e3e276ee2fc43d60a7e3"

"@orbit/store@^0.15.8":
  version "0.15.8"
  resolved "https://registry.yarnpkg.com/@orbit/store/-/store-0.15.8.tgz#b4f550dc94f607326adb15569db76570aafa7453"
  dependencies:
    "@orbit/core" "^0.15.7"
    "@orbit/data" "^0.15.8"
    "@orbit/immutable" "^0.15.0"
    "@orbit/utils" "^0.15.7"

"@orbit/utils@^0.15.7":
  version "0.15.7"
  resolved "https://registry.yarnpkg.com/@orbit/utils/-/utils-0.15.7.tgz#fe68da9f1f90e6be4a1ac149e5860dd78a30da38"

faker@^4.1.0:
  version "4.1.0"
  resolved "https://registry.yarnpkg.com/faker/-/faker-4.1.0.tgz#1e45bbbecc6774b3c195fad2835109c6d748cc3f"

immutable@^3.8.2:
  version "3.8.2"
  resolved "https://registry.yarnpkg.com/immutable/-/immutable-3.8.2.tgz#c2439951455bb39913daf281376f1530e104adf3"
